
Microsoft Visual Studio Solution File, Format Version 12.00
# Visual Studio Version 17
VisualStudioVersion = 17.7.34031.279
MinimumVisualStudioVersion = 10.0.40219.1
Project("{2150E333-8FDC-42A3-9474-1A3956D46DE8}") = "src", "src", "{34588B87-7FF5-4007-ABEB-9B6235808C4B}"
EndProject
Project("{2150E333-8FDC-42A3-9474-1A3956D46DE8}") = "tests", "tests", "{C5EC5DE4-8F15-4A79-ABAF-792C357EEC31}"
EndProject
Project("{9A19103F-16F7-4668-BE54-9A1E7A4F7556}") = "Steelax.ObservableTracker", "src\Steelax.ObservableTracker\Steelax.ObservableTracker.csproj", "{EA122FBA-1F46-4BC9-93C4-66A902E0E9F3}"
EndProject
Project("{9A19103F-16F7-4668-BE54-9A1E7A4F7556}") = "_build", "build\_build.csproj", "{E62539EB-7391-46F0-A271-C5AB4BC2B233}"
EndProject
Global
	GlobalSection(SolutionConfigurationPlatforms) = preSolution
		Debug|Any CPU = Debug|Any CPU
		Release|Any CPU = Release|Any CPU
	EndGlobalSection
	GlobalSection(ProjectConfigurationPlatforms) = postSolution
		{E62539EB-7391-46F0-A271-C5AB4BC2B233}.Debug|Any CPU.ActiveCfg = Debug|Any CPU
		{E62539EB-7391-46F0-A271-C5AB4BC2B233}.Release|Any CPU.ActiveCfg = Release|Any CPU
		{EA122FBA-1F46-4BC9-93C4-66A902E0E9F3}.Debug|Any CPU.ActiveCfg = Debug|Any CPU
		{EA122FBA-1F46-4BC9-93C4-66A902E0E9F3}.Debug|Any CPU.Build.0 = Debug|Any CPU
		{EA122FBA-1F46-4BC9-93C4-66A902E0E9F3}.Release|Any CPU.ActiveCfg = Release|Any CPU
		{EA122FBA-1F46-4BC9-93C4-66A902E0E9F3}.Release|Any CPU.Build.0 = Release|Any CPU
	EndGlobalSection
	GlobalSection(SolutionProperties) = preSolution
		HideSolutionNode = FALSE
	EndGlobalSection
	GlobalSection(NestedProjects) = preSolution
		{EA122FBA-1F46-4BC9-93C4-66A902E0E9F3} = {34588B87-7FF5-4007-ABEB-9B6235808C4B}
	EndGlobalSection
	GlobalSection(ExtensibilityGlobals) = postSolution
		SolutionGuid = {A666E805-E2B9-497C-AEFD-52E1362BF2AE}
	EndGlobalSection
EndGlobal
